
Microsoft Visual Studio Solution File, Format Version 12.00
# Visual Studio Version 17
VisualStudioVersion = 17.2.32616.157
MinimumVisualStudioVersion = 10.0.40219.1
Project("{FAE04EC0-301F-11D3-BF4B-00C04F79EFBC}") = "kodelås", "kodelås\kodelås.csproj", "{3C531BB6-2244-4171-ACDB-4733EA798EBD}"
EndProject
Global
	GlobalSection(SolutionConfigurationPlatforms) = preSolution
		Debug|Any CPU = Debug|Any CPU
		Release|Any CPU = Release|Any CPU
	EndGlobalSection
	GlobalSection(ProjectConfigurationPlatforms) = postSolution
		{3C531BB6-2244-4171-ACDB-4733EA798EBD}.Debug|Any CPU.ActiveCfg = Debug|Any CPU
		{3C531BB6-2244-4171-ACDB-4733EA798EBD}.Debug|Any CPU.Build.0 = Debug|Any CPU
		{3C531BB6-2244-4171-ACDB-4733EA798EBD}.Release|Any CPU.ActiveCfg = Release|Any CPU
		{3C531BB6-2244-4171-ACDB-4733EA798EBD}.Release|Any CPU.Build.0 = Release|Any CPU
	EndGlobalSection
	GlobalSection(SolutionProperties) = preSolution
		HideSolutionNode = FALSE
	EndGlobalSection
	GlobalSection(ExtensibilityGlobals) = postSolution
		SolutionGuid = {4038FEA2-ADA0-4AC2-ADCE-670AD25A8283}
	EndGlobalSection
EndGlobal
