
Microsoft Visual Studio Solution File, Format Version 12.00
# Visual Studio Version 17
VisualStudioVersion = 17.4.33103.184
MinimumVisualStudioVersion = 10.0.40219.1
Project("{FAE04EC0-301F-11D3-BF4B-00C04F79EFBC}") = "PokeDex", "PokeDex\PokeDex.csproj", "{A6711A90-E5D3-4339-BF94-BE3D044488F8}"
EndProject
Global
	GlobalSection(SolutionConfigurationPlatforms) = preSolution
		Debug|Any CPU = Debug|Any CPU
		Release|Any CPU = Release|Any CPU
	EndGlobalSection
	GlobalSection(ProjectConfigurationPlatforms) = postSolution
		{A6711A90-E5D3-4339-BF94-BE3D044488F8}.Debug|Any CPU.ActiveCfg = Debug|Any CPU
		{A6711A90-E5D3-4339-BF94-BE3D044488F8}.Debug|Any CPU.Build.0 = Debug|Any CPU
		{A6711A90-E5D3-4339-BF94-BE3D044488F8}.Release|Any CPU.ActiveCfg = Release|Any CPU
		{A6711A90-E5D3-4339-BF94-BE3D044488F8}.Release|Any CPU.Build.0 = Release|Any CPU
	EndGlobalSection
	GlobalSection(SolutionProperties) = preSolution
		HideSolutionNode = FALSE
	EndGlobalSection
	GlobalSection(ExtensibilityGlobals) = postSolution
		SolutionGuid = {57FC7BDD-1DC2-41D0-B27F-8117858A0CA3}
	EndGlobalSection
EndGlobal
